// !$*UTF8*$!
{
	archiveVersion = 1;
	classes = {
	};
	objectVersion = 56;
	objects = {

/* Begin PBXBuildFile section */
		516FB4802A85A3EB008AFB4E /* CircularProgressView.swift..swift in Sources */ = {isa = PBXBuildFile; fileRef = 516FB47F2A85A3EB008AFB4E /* CircularProgressView.swift..swift */; };
		51EF11AB2A6DA3EA00F7CE77 /* Quiz_app_4App.swift in Sources */ = {isa = PBXBuildFile; fileRef = 51EF11AA2A6DA3EA00F7CE77 /* Quiz_app_4App.swift */; };
		51EF11AD2A6DA3EA00F7CE77 /* ContentView.swift in Sources */ = {isa = PBXBuildFile; fileRef = 51EF11AC2A6DA3EA00F7CE77 /* ContentView.swift */; };
		51EF11AF2A6DA3EC00F7CE77 /* Assets.xcassets in Resources */ = {isa = PBXBuildFile; fileRef = 51EF11AE2A6DA3EC00F7CE77 /* Assets.xcassets */; };
		51EF11B32A6DA3EC00F7CE77 /* Preview Assets.xcassets in Resources */ = {isa = PBXBuildFile; fileRef = 51EF11B22A6DA3EC00F7CE77 /* Preview Assets.xcassets */; };
		51EF11BD2A6DA3EC00F7CE77 /* Quiz_app_4Tests.swift in Sources */ = {isa = PBXBuildFile; fileRef = 51EF11BC2A6DA3EC00F7CE77 /* Quiz_app_4Tests.swift */; };
		51EF11C72A6DA3EC00F7CE77 /* Quiz_app_4UITests.swift in Sources */ = {isa = PBXBuildFile; fileRef = 51EF11C62A6DA3EC00F7CE77 /* Quiz_app_4UITests.swift */; };
		51EF11C92A6DA3EC00F7CE77 /* Quiz_app_4UITestsLaunchTests.swift in Sources */ = {isa = PBXBuildFile; fileRef = 51EF11C82A6DA3EC00F7CE77 /* Quiz_app_4UITestsLaunchTests.swift */; };
		51EF11D62A6DA46F00F7CE77 /* Quiz model.swift in Sources */ = {isa = PBXBuildFile; fileRef = 51EF11D52A6DA46F00F7CE77 /* Quiz model.swift */; };
		51EF11D82A6DA49C00F7CE77 /* QuizView.swift in Sources */ = {isa = PBXBuildFile; fileRef = 51EF11D72A6DA49C00F7CE77 /* QuizView.swift */; };
		51EF11DA2A6DA4BF00F7CE77 /* FinalView.swift in Sources */ = {isa = PBXBuildFile; fileRef = 51EF11D92A6DA4BF00F7CE77 /* FinalView.swift */; };
/* End PBXBuildFile section */

/* Begin PBXContainerItemProxy section */
		51EF11B92A6DA3EC00F7CE77 /* PBXContainerItemProxy */ = {
			isa = PBXContainerItemProxy;
			containerPortal = 51EF119F2A6DA3EA00F7CE77 /* Project object */;
			proxyType = 1;
			remoteGlobalIDString = 51EF11A62A6DA3EA00F7CE77;
			remoteInfo = "Quiz app 4";
		};
		51EF11C32A6DA3EC00F7CE77 /* PBXContainerItemProxy */ = {
			isa = PBXContainerItemProxy;
			containerPortal = 51EF119F2A6DA3EA00F7CE77 /* Project object */;
			proxyType = 1;
			remoteGlobalIDString = 51EF11A62A6DA3EA00F7CE77;
			remoteInfo = "Quiz app 4";
		};
/* End PBXContainerItemProxy section */

/* Begin PBXFileReference section */
		516FB47F2A85A3EB008AFB4E /* CircularProgressView.swift..swift */ = {isa = PBXFileReference; lastKnownFileType = sourcecode.swift; path = CircularProgressView.swift..swift; sourceTree = "<group>"; };
		51EF11A72A6DA3EA00F7CE77 /* Quiz app 4.app */ = {isa = PBXFileReference; explicitFileType = wrapper.application; includeInIndex = 0; path = "Quiz app 4.app"; sourceTree = BUILT_PRODUCTS_DIR; };
		51EF11AA2A6DA3EA00F7CE77 /* Quiz_app_4App.swift */ = {isa = PBXFileReference; lastKnownFileType = sourcecode.swift; path = Quiz_app_4App.swift; sourceTree = "<group>"; };
		51EF11AC2A6DA3EA00F7CE77 /* ContentView.swift */ = {isa = PBXFileReference; lastKnownFileType = sourcecode.swift; path = ContentView.swift; sourceTree = "<group>"; };
		51EF11AE2A6DA3EC00F7CE77 /* Assets.xcassets */ = {isa = PBXFileReference; lastKnownFileType = folder.assetcatalog; path = Assets.xcassets; sourceTree = "<group>"; };
		51EF11B02A6DA3EC00F7CE77 /* Quiz_app_4.entitlements */ = {isa = PBXFileReference; lastKnownFileType = text.plist.entitlements; path = Quiz_app_4.entitlements; sourceTree = "<group>"; };
		51EF11B22A6DA3EC00F7CE77 /* Preview Assets.xcassets */ = {isa = PBXFileReference; lastKnownFileType = folder.assetcatalog; path = "Preview Assets.xcassets"; sourceTree = "<group>"; };
		51EF11B82A6DA3EC00F7CE77 /* Quiz app 4Tests.xctest */ = {isa = PBXFileReference; explicitFileType = wrapper.cfbundle; includeInIndex = 0; path = "Quiz app 4Tests.xctest"; sourceTree = BUILT_PRODUCTS_DIR; };
		51EF11BC2A6DA3EC00F7CE77 /* Quiz_app_4Tests.swift */ = {isa = PBXFileReference; lastKnownFileType = sourcecode.swift; path = Quiz_app_4Tests.swift; sourceTree = "<group>"; };
		51EF11C22A6DA3EC00F7CE77 /* Quiz app 4UITests.xctest */ = {isa = PBXFileReference; explicitFileType = wrapper.cfbundle; includeInIndex = 0; path = "Quiz app 4UITests.xctest"; sourceTree = BUILT_PRODUCTS_DIR; };
		51EF11C62A6DA3EC00F7CE77 /* Quiz_app_4UITests.swift */ = {isa = PBXFileReference; lastKnownFileType = sourcecode.swift; path = Quiz_app_4UITests.swift; sourceTree = "<group>"; };
		51EF11C82A6DA3EC00F7CE77 /* Quiz_app_4UITestsLaunchTests.swift */ = {isa = PBXFileReference; lastKnownFileType = sourcecode.swift; path = Quiz_app_4UITestsLaunchTests.swift; sourceTree = "<group>"; };
		51EF11D52A6DA46F00F7CE77 /* Quiz model.swift */ = {isa = PBXFileReference; lastKnownFileType = sourcecode.swift; path = "Quiz model.swift"; sourceTree = "<group>"; };
		51EF11D72A6DA49C00F7CE77 /* QuizView.swift */ = {isa = PBXFileReference; lastKnownFileType = sourcecode.swift; path = QuizView.swift; sourceTree = "<group>"; };
		51EF11D92A6DA4BF00F7CE77 /* FinalView.swift */ = {isa = PBXFileReference; lastKnownFileType = sourcecode.swift; path = FinalView.swift; sourceTree = "<group>"; };
/* End PBXFileReference section */

/* Begin PBXFrameworksBuildPhase section */
		51EF11A42A6DA3EA00F7CE77 /* Frameworks */ = {
			isa = PBXFrameworksBuildPhase;
			buildActionMask = 2147483647;
			files = (
			);
			runOnlyForDeploymentPostprocessing = 0;
		};
		51EF11B52A6DA3EC00F7CE77 /* Frameworks */ = {
			isa = PBXFrameworksBuildPhase;
			buildActionMask = 2147483647;
			files = (
			);
			runOnlyForDeploymentPostprocessing = 0;
		};
		51EF11BF2A6DA3EC00F7CE77 /* Frameworks */ = {
			isa = PBXFrameworksBuildPhase;
			buildActionMask = 2147483647;
			files = (
			);
			runOnlyForDeploymentPostprocessing = 0;
		};
/* End PBXFrameworksBuildPhase section */

/* Begin PBXGroup section */
		51EF119E2A6DA3EA00F7CE77 = {
			isa = PBXGroup;
			children = (
				51EF11A92A6DA3EA00F7CE77 /* Quiz app 4 */,
				51EF11BB2A6DA3EC00F7CE77 /* Quiz app 4Tests */,
				51EF11C52A6DA3EC00F7CE77 /* Quiz app 4UITests */,
				51EF11A82A6DA3EA00F7CE77 /* Products */,
			);
			sourceTree = "<group>";
		};
		51EF11A82A6DA3EA00F7CE77 /* Products */ = {
			isa = PBXGroup;
			children = (
				51EF11A72A6DA3EA00F7CE77 /* Quiz app 4.app */,
				51EF11B82A6DA3EC00F7CE77 /* Quiz app 4Tests.xctest */,
				51EF11C22A6DA3EC00F7CE77 /* Quiz app 4UITests.xctest */,
			);
			name = Products;
			sourceTree = "<group>";
		};
		51EF11A92A6DA3EA00F7CE77 /* Quiz app 4 */ = {
			isa = PBXGroup;
			children = (
				51EF11AA2A6DA3EA00F7CE77 /* Quiz_app_4App.swift */,
				51EF11AC2A6DA3EA00F7CE77 /* ContentView.swift */,
				51EF11AE2A6DA3EC00F7CE77 /* Assets.xcassets */,
				51EF11B02A6DA3EC00F7CE77 /* Quiz_app_4.entitlements */,
				51EF11B12A6DA3EC00F7CE77 /* Preview Content */,
				51EF11D52A6DA46F00F7CE77 /* Quiz model.swift */,
				51EF11D72A6DA49C00F7CE77 /* QuizView.swift */,
				516FB47F2A85A3EB008AFB4E /* CircularProgressView.swift..swift */,
				51EF11D92A6DA4BF00F7CE77 /* FinalView.swift */,
			);
			path = "Quiz app 4";
			sourceTree = "<group>";
		};
		51EF11B12A6DA3EC00F7CE77 /* Preview Content */ = {
			isa = PBXGroup;
			children = (
				51EF11B22A6DA3EC00F7CE77 /* Preview Assets.xcassets */,
			);
			path = "Preview Content";
			sourceTree = "<group>";
		};
		51EF11BB2A6DA3EC00F7CE77 /* Quiz app 4Tests */ = {
			isa = PBXGroup;
			children = (
				51EF11BC2A6DA3EC00F7CE77 /* Quiz_app_4Tests.swift */,
			);
			path = "Quiz app 4Tests";
			sourceTree = "<group>";
		};
		51EF11C52A6DA3EC00F7CE77 /* Quiz app 4UITests */ = {
			isa = PBXGroup;
			children = (
				51EF11C62A6DA3EC00F7CE77 /* Quiz_app_4UITests.swift */,
				51EF11C82A6DA3EC00F7CE77 /* Quiz_app_4UITestsLaunchTests.swift */,
			);
			path = "Quiz app 4UITests";
			sourceTree = "<group>";
		};
/* End PBXGroup section */

/* Begin PBXNativeTarget section */
		51EF11A62A6DA3EA00F7CE77 /* Quiz app 4 */ = {
			isa = PBXNativeTarget;
			buildConfigurationList = 51EF11CC2A6DA3EC00F7CE77 /* Build configuration list for PBXNativeTarget "Quiz app 4" */;
			buildPhases = (
				51EF11A32A6DA3EA00F7CE77 /* Sources */,
				51EF11A42A6DA3EA00F7CE77 /* Frameworks */,
				51EF11A52A6DA3EA00F7CE77 /* Resources */,
			);
			buildRules = (
			);
			dependencies = (
			);
			name = "Quiz app 4";
			productName = "Quiz app 4";
			productReference = 51EF11A72A6DA3EA00F7CE77 /* Quiz app 4.app */;
			productType = "com.apple.product-type.application";
		};
		51EF11B72A6DA3EC00F7CE77 /* Quiz app 4Tests */ = {
			isa = PBXNativeTarget;
			buildConfigurationList = 51EF11CF2A6DA3EC00F7CE77 /* Build configuration list for PBXNativeTarget "Quiz app 4Tests" */;
			buildPhases = (
				51EF11B42A6DA3EC00F7CE77 /* Sources */,
				51EF11B52A6DA3EC00F7CE77 /* Frameworks */,
				51EF11B62A6DA3EC00F7CE77 /* Resources */,
			);
			buildRules = (
			);
			dependencies = (
				51EF11BA2A6DA3EC00F7CE77 /* PBXTargetDependency */,
			);
			name = "Quiz app 4Tests";
			productName = "Quiz app 4Tests";
			productReference = 51EF11B82A6DA3EC00F7CE77 /* Quiz app 4Tests.xctest */;
			productType = "com.apple.product-type.bundle.unit-test";
		};
		51EF11C12A6DA3EC00F7CE77 /* Quiz app 4UITests */ = {
			isa = PBXNativeTarget;
			buildConfigurationList = 51EF11D22A6DA3EC00F7CE77 /* Build configuration list for PBXNativeTarget "Quiz app 4UITests" */;
			buildPhases = (
				51EF11BE2A6DA3EC00F7CE77 /* Sources */,
				51EF11BF2A6DA3EC00F7CE77 /* Frameworks */,
				51EF11C02A6DA3EC00F7CE77 /* Resources */,
			);
			buildRules = (
			);
			dependencies = (
				51EF11C42A6DA3EC00F7CE77 /* PBXTargetDependency */,
			);
			name = "Quiz app 4UITests";
			productName = "Quiz app 4UITests";
			productReference = 51EF11C22A6DA3EC00F7CE77 /* Quiz app 4UITests.xctest */;
			productType = "com.apple.product-type.bundle.ui-testing";
		};
/* End PBXNativeTarget section */

/* Begin PBXProject section */
		51EF119F2A6DA3EA00F7CE77 /* Project object */ = {
			isa = PBXProject;
			attributes = {
				BuildIndependentTargetsInParallel = 1;
				LastSwiftUpdateCheck = 1430;
				LastUpgradeCheck = 1430;
				TargetAttributes = {
					51EF11A62A6DA3EA00F7CE77 = {
						CreatedOnToolsVersion = 14.3.1;
					};
					51EF11B72A6DA3EC00F7CE77 = {
						CreatedOnToolsVersion = 14.3.1;
						TestTargetID = 51EF11A62A6DA3EA00F7CE77;
					};
					51EF11C12A6DA3EC00F7CE77 = {
						CreatedOnToolsVersion = 14.3.1;
						TestTargetID = 51EF11A62A6DA3EA00F7CE77;
					};
				};
			};
			buildConfigurationList = 51EF11A22A6DA3EA00F7CE77 /* Build configuration list for PBXProject "Quiz app 4" */;
			compatibilityVersion = "Xcode 14.0";
			developmentRegion = en;
			hasScannedForEncodings = 0;
			knownRegions = (
				en,
				Base,
			);
			mainGroup = 51EF119E2A6DA3EA00F7CE77;
			productRefGroup = 51EF11A82A6DA3EA00F7CE77 /* Products */;
			projectDirPath = "";
			projectRoot = "";
			targets = (
				51EF11A62A6DA3EA00F7CE77 /* Quiz app 4 */,
				51EF11B72A6DA3EC00F7CE77 /* Quiz app 4Tests */,
				51EF11C12A6DA3EC00F7CE77 /* Quiz app 4UITests */,
			);
		};
/* End PBXProject section */

/* Begin PBXResourcesBuildPhase section */
		51EF11A52A6DA3EA00F7CE77 /* Resources */ = {
			isa = PBXResourcesBuildPhase;
			buildActionMask = 2147483647;
			files = (
				51EF11B32A6DA3EC00F7CE77 /* Preview Assets.xcassets in Resources */,
				51EF11AF2A6DA3EC00F7CE77 /* Assets.xcassets in Resources */,
			);
			runOnlyForDeploymentPostprocessing = 0;
		};
		51EF11B62A6DA3EC00F7CE77 /* Resources */ = {
			isa = PBXResourcesBuildPhase;
			buildActionMask = 2147483647;
			files = (
			);
			runOnlyForDeploymentPostprocessing = 0;
		};
		51EF11C02A6DA3EC00F7CE77 /* Resources */ = {
			isa = PBXResourcesBuildPhase;
			buildActionMask = 2147483647;
			files = (
			);
			runOnlyForDeploymentPostprocessing = 0;
		};
/* End PBXResourcesBuildPhase section */

/* Begin PBXSourcesBuildPhase section */
		51EF11A32A6DA3EA00F7CE77 /* Sources */ = {
			isa = PBXSourcesBuildPhase;
			buildActionMask = 2147483647;
			files = (
				51EF11AD2A6DA3EA00F7CE77 /* ContentView.swift in Sources */,
				51EF11DA2A6DA4BF00F7CE77 /* FinalView.swift in Sources */,
				51EF11D82A6DA49C00F7CE77 /* QuizView.swift in Sources */,
				51EF11D62A6DA46F00F7CE77 /* Quiz model.swift in Sources */,
				516FB4802A85A3EB008AFB4E /* CircularProgressView.swift..swift in Sources */,
				51EF11AB2A6DA3EA00F7CE77 /* Quiz_app_4App.swift in Sources */,
			);
			runOnlyForDeploymentPostprocessing = 0;
		};
		51EF11B42A6DA3EC00F7CE77 /* Sources */ = {
			isa = PBXSourcesBuildPhase;
			buildActionMask = 2147483647;
			files = (
				51EF11BD2A6DA3EC00F7CE77 /* Quiz_app_4Tests.swift in Sources */,
			);
			runOnlyForDeploymentPostprocessing = 0;
		};
		51EF11BE2A6DA3EC00F7CE77 /* Sources */ = {
			isa = PBXSourcesBuildPhase;
			buildActionMask = 2147483647;
			files = (
				51EF11C92A6DA3EC00F7CE77 /* Quiz_app_4UITestsLaunchTests.swift in Sources */,
				51EF11C72A6DA3EC00F7CE77 /* Quiz_app_4UITests.swift in Sources */,
			);
			runOnlyForDeploymentPostprocessing = 0;
		};
/* End PBXSourcesBuildPhase section */

/* Begin PBXTargetDependency section */
		51EF11BA2A6DA3EC00F7CE77 /* PBXTargetDependency */ = {
			isa = PBXTargetDependency;
			target = 51EF11A62A6DA3EA00F7CE77 /* Quiz app 4 */;
			targetProxy = 51EF11B92A6DA3EC00F7CE77 /* PBXContainerItemProxy */;
		};
		51EF11C42A6DA3EC00F7CE77 /* PBXTargetDependency */ = {
			isa = PBXTargetDependency;
			target = 51EF11A62A6DA3EA00F7CE77 /* Quiz app 4 */;
			targetProxy = 51EF11C32A6DA3EC00F7CE77 /* PBXContainerItemProxy */;
		};
/* End PBXTargetDependency section */

/* Begin XCBuildConfiguration section */
		51EF11CA2A6DA3EC00F7CE77 /* Debug */ = {
			isa = XCBuildConfiguration;
			buildSettings = {
				ALWAYS_SEARCH_USER_PATHS = NO;
				CLANG_ANALYZER_NONNULL = YES;
				CLANG_ANALYZER_NUMBER_OBJECT_CONVERSION = YES_AGGRESSIVE;
				CLANG_CXX_LANGUAGE_STANDARD = "gnu++20";
				CLANG_ENABLE_MODULES = YES;
				CLANG_ENABLE_OBJC_ARC = YES;
				CLANG_ENABLE_OBJC_WEAK = YES;
				CLANG_WARN_BLOCK_CAPTURE_AUTORELEASING = YES;
				CLANG_WARN_BOOL_CONVERSION = YES;
				CLANG_WARN_COMMA = YES;
				CLANG_WARN_CONSTANT_CONVERSION = YES;
				CLANG_WARN_DEPRECATED_OBJC_IMPLEMENTATIONS = YES;
				CLANG_WARN_DIRECT_OBJC_ISA_USAGE = YES_ERROR;
				CLANG_WARN_DOCUMENTATION_COMMENTS = YES;
				CLANG_WARN_EMPTY_BODY = YES;
				CLANG_WARN_ENUM_CONVERSION = YES;
				CLANG_WARN_INFINITE_RECURSION = YES;
				CLANG_WARN_INT_CONVERSION = YES;
				CLANG_WARN_NON_LITERAL_NULL_CONVERSION = YES;
				CLANG_WARN_OBJC_IMPLICIT_RETAIN_SELF = YES;
				CLANG_WARN_OBJC_LITERAL_CONVERSION = YES;
				CLANG_WARN_OBJC_ROOT_CLASS = YES_ERROR;
				CLANG_WARN_QUOTED_INCLUDE_IN_FRAMEWORK_HEADER = YES;
				CLANG_WARN_RANGE_LOOP_ANALYSIS = YES;
				CLANG_WARN_STRICT_PROTOTYPES = YES;
				CLANG_WARN_SUSPICIOUS_MOVE = YES;
				CLANG_WARN_UNGUARDED_AVAILABILITY = YES_AGGRESSIVE;
				CLANG_WARN_UNREACHABLE_CODE = YES;
				CLANG_WARN__DUPLICATE_METHOD_MATCH = YES;
				COPY_PHASE_STRIP = NO;
				DEBUG_INFORMATION_FORMAT = dwarf;
				ENABLE_STRICT_OBJC_MSGSEND = YES;
				ENABLE_TESTABILITY = YES;
				GCC_C_LANGUAGE_STANDARD = gnu11;
				GCC_DYNAMIC_NO_PIC = NO;
				GCC_NO_COMMON_BLOCKS = YES;
				GCC_OPTIMIZATION_LEVEL = 0;
				GCC_PREPROCESSOR_DEFINITIONS = (
					"DEBUG=1",
					"$(inherited)",
				);
				GCC_WARN_64_TO_32_BIT_CONVERSION = YES;
				GCC_WARN_ABOUT_RETURN_TYPE = YES_ERROR;
				GCC_WARN_UNDECLARED_SELECTOR = YES;
				GCC_WARN_UNINITIALIZED_AUTOS = YES_AGGRESSIVE;
				GCC_WARN_UNUSED_FUNCTION = YES;
				GCC_WARN_UNUSED_VARIABLE = YES;
				MTL_ENABLE_DEBUG_INFO = INCLUDE_SOURCE;
				MTL_FAST_MATH = YES;
				ONLY_ACTIVE_ARCH = YES;
				SWIFT_ACTIVE_COMPILATION_CONDITIONS = DEBUG;
				SWIFT_OPTIMIZATION_LEVEL = "-Onone";
			};
			name = Debug;
		};
		51EF11CB2A6DA3EC00F7CE77 /* Release */ = {
			isa = XCBuildConfiguration;
			buildSettings = {
				ALWAYS_SEARCH_USER_PATHS = NO;
				CLANG_ANALYZER_NONNULL = YES;
				CLANG_ANALYZER_NUMBER_OBJECT_CONVERSION = YES_AGGRESSIVE;
				CLANG_CXX_LANGUAGE_STANDARD = "gnu++20";
				CLANG_ENABLE_MODULES = YES;
				CLANG_ENABLE_OBJC_ARC = YES;
				CLANG_ENABLE_OBJC_WEAK = YES;
				CLANG_WARN_BLOCK_CAPTURE_AUTORELEASING = YES;
				CLANG_WARN_BOOL_CONVERSION = YES;
				CLANG_WARN_COMMA = YES;
				CLANG_WARN_CONSTANT_CONVERSION = YES;
				CLANG_WARN_DEPRECATED_OBJC_IMPLEMENTATIONS = YES;
				CLANG_WARN_DIRECT_OBJC_ISA_USAGE = YES_ERROR;
				CLANG_WARN_DOCUMENTATION_COMMENTS = YES;
				CLANG_WARN_EMPTY_BODY = YES;
				CLANG_WARN_ENUM_CONVERSION = YES;
				CLANG_WARN_INFINITE_RECURSION = YES;
				CLANG_WARN_INT_CONVERSION = YES;
				CLANG_WARN_NON_LITERAL_NULL_CONVERSION = YES;
				CLANG_WARN_OBJC_IMPLICIT_RETAIN_SELF = YES;
				CLANG_WARN_OBJC_LITERAL_CONVERSION = YES;
				CLANG_WARN_OBJC_ROOT_CLASS = YES_ERROR;
				CLANG_WARN_QUOTED_INCLUDE_IN_FRAMEWORK_HEADER = YES;
				CLANG_WARN_RANGE_LOOP_ANALYSIS = YES;
				CLANG_WARN_STRICT_PROTOTYPES = YES;
				CLANG_WARN_SUSPICIOUS_MOVE = YES;
				CLANG_WARN_UNGUARDED_AVAILABILITY = YES_AGGRESSIVE;
				CLANG_WARN_UNREACHABLE_CODE = YES;
				CLANG_WARN__DUPLICATE_METHOD_MATCH = YES;
				COPY_PHASE_STRIP = NO;
				DEBUG_INFORMATION_FORMAT = "dwarf-with-dsym";
				ENABLE_NS_ASSERTIONS = NO;
				ENABLE_STRICT_OBJC_MSGSEND = YES;
				GCC_C_LANGUAGE_STANDARD = gnu11;
				GCC_NO_COMMON_BLOCKS = YES;
				GCC_WARN_64_TO_32_BIT_CONVERSION = YES;
				GCC_WARN_ABOUT_RETURN_TYPE = YES_ERROR;
				GCC_WARN_UNDECLARED_SELECTOR = YES;
				GCC_WARN_UNINITIALIZED_AUTOS = YES_AGGRESSIVE;
				GCC_WARN_UNUSED_FUNCTION = YES;
				GCC_WARN_UNUSED_VARIABLE = YES;
				MTL_ENABLE_DEBUG_INFO = NO;
				MTL_FAST_MATH = YES;
				SWIFT_COMPILATION_MODE = wholemodule;
				SWIFT_OPTIMIZATION_LEVEL = "-O";
			};
			name = Release;
		};
		51EF11CD2A6DA3EC00F7CE77 /* Debug */ = {
			isa = XCBuildConfiguration;
			buildSettings = {
				ASSETCATALOG_COMPILER_APPICON_NAME = AppIcon;
				ASSETCATALOG_COMPILER_GLOBAL_ACCENT_COLOR_NAME = AccentColor;
				CODE_SIGN_ENTITLEMENTS = "Quiz app 4/Quiz_app_4.entitlements";
				CODE_SIGN_STYLE = Automatic;
				CURRENT_PROJECT_VERSION = 1;
				DEVELOPMENT_ASSET_PATHS = "\"Quiz app 4/Preview Content\"";
				ENABLE_PREVIEWS = YES;
				GENERATE_INFOPLIST_FILE = YES;
				"INFOPLIST_KEY_UIApplicationSceneManifest_Generation[sdk=iphoneos*]" = YES;
				"INFOPLIST_KEY_UIApplicationSceneManifest_Generation[sdk=iphonesimulator*]" = YES;
				"INFOPLIST_KEY_UIApplicationSupportsIndirectInputEvents[sdk=iphoneos*]" = YES;
				"INFOPLIST_KEY_UIApplicationSupportsIndirectInputEvents[sdk=iphonesimulator*]" = YES;
				"INFOPLIST_KEY_UILaunchScreen_Generation[sdk=iphoneos*]" = YES;
				"INFOPLIST_KEY_UILaunchScreen_Generation[sdk=iphonesimulator*]" = YES;
				"INFOPLIST_KEY_UIStatusBarStyle[sdk=iphoneos*]" = UIStatusBarStyleDefault;
				"INFOPLIST_KEY_UIStatusBarStyle[sdk=iphonesimulator*]" = UIStatusBarStyleDefault;
				INFOPLIST_KEY_UISupportedInterfaceOrientations_iPad = "UIInterfaceOrientationPortrait UIInterfaceOrientationPortraitUpsideDown UIInterfaceOrientationLandscapeLeft UIInterfaceOrientationLandscapeRight";
				INFOPLIST_KEY_UISupportedInterfaceOrientations_iPhone = "UIInterfaceOrientationPortrait UIInterfaceOrientationLandscapeLeft UIInterfaceOrientationLandscapeRight";
				IPHONEOS_DEPLOYMENT_TARGET = 16.4;
				LD_RUNPATH_SEARCH_PATHS = "@executable_path/Frameworks";
				"LD_RUNPATH_SEARCH_PATHS[sdk=macosx*]" = "@executable_path/../Frameworks";
				MACOSX_DEPLOYMENT_TARGET = 13.3;
				MARKETING_VERSION = 1.0;
				PRODUCT_BUNDLE_IDENTIFIER = "omar.Quiz-app-4";
				PRODUCT_NAME = "$(TARGET_NAME)";
				SDKROOT = auto;
				SUPPORTED_PLATFORMS = "iphoneos iphonesimulator macosx";
				SWIFT_EMIT_LOC_STRINGS = YES;
				SWIFT_VERSION = 5.0;
				TARGETED_DEVICE_FAMILY = "1,2";
			};
			name = Debug;
		};
		51EF11CE2A6DA3EC00F7CE77 /* Release */ = {
			isa = XCBuildConfiguration;
			buildSettings = {
				ASSETCATALOG_COMPILER_APPICON_NAME = AppIcon;
				ASSETCATALOG_COMPILER_GLOBAL_ACCENT_COLOR_NAME = AccentColor;
				CODE_SIGN_ENTITLEMENTS = "Quiz app 4/Quiz_app_4.entitlements";
				CODE_SIGN_STYLE = Automatic;
				CURRENT_PROJECT_VERSION = 1;
				DEVELOPMENT_ASSET_PATHS = "\"Quiz app 4/Preview Content\"";
				ENABLE_PREVIEWS = YES;
				GENERATE_INFOPLIST_FILE = YES;
				"INFOPLIST_KEY_UIApplicationSceneManifest_Generation[sdk=iphoneos*]" = YES;
				"INFOPLIST_KEY_UIApplicationSceneManifest_Generation[sdk=iphonesimulator*]" = YES;
				"INFOPLIST_KEY_UIApplicationSupportsIndirectInputEvents[sdk=iphoneos*]" = YES;
				"INFOPLIST_KEY_UIApplicationSupportsIndirectInputEvents[sdk=iphonesimulator*]" = YES;
				"INFOPLIST_KEY_UILaunchScreen_Generation[sdk=iphoneos*]" = YES;
				"INFOPLIST_KEY_UILaunchScreen_Generation[sdk=iphonesimulator*]" = YES;
				"INFOPLIST_KEY_UIStatusBarStyle[sdk=iphoneos*]" = UIStatusBarStyleDefault;
				"INFOPLIST_KEY_UIStatusBarStyle[sdk=iphonesimulator*]" = UIStatusBarStyleDefault;
				INFOPLIST_KEY_UISupportedInterfaceOrientations_iPad = "UIInterfaceOrientationPortrait UIInterfaceOrientationPortraitUpsideDown UIInterfaceOrientationLandscapeLeft UIInterfaceOrientationLandscapeRight";
				INFOPLIST_KEY_UISupportedInterfaceOrientations_iPhone = "UIInterfaceOrientationPortrait UIInterfaceOrientationLandscapeLeft UIInterfaceOrientationLandscapeRight";
				IPHONEOS_DEPLOYMENT_TARGET = 16.4;
				LD_RUNPATH_SEARCH_PATHS = "@executable_path/Frameworks";
				"LD_RUNPATH_SEARCH_PATHS[sdk=macosx*]" = "@executable_path/../Frameworks";
				MACOSX_DEPLOYMENT_TARGET = 13.3;
				MARKETING_VERSION = 1.0;
				PRODUCT_BUNDLE_IDENTIFIER = "omar.Quiz-app-4";
				PRODUCT_NAME = "$(TARGET_NAME)";
				SDKROOT = auto;
				SUPPORTED_PLATFORMS = "iphoneos iphonesimulator macosx";
				SWIFT_EMIT_LOC_STRINGS = YES;
				SWIFT_VERSION = 5.0;
				TARGETED_DEVICE_FAMILY = "1,2";
			};
			name = Release;
		};
		51EF11D02A6DA3EC00F7CE77 /* Debug */ = {
			isa = XCBuildConfiguration;
			buildSettings = {
				ALWAYS_EMBED_SWIFT_STANDARD_LIBRARIES = YES;
				BUNDLE_LOADER = "$(TEST_HOST)";
				CODE_SIGN_STYLE = Automatic;
				CURRENT_PROJECT_VERSION = 1;
				GENERATE_INFOPLIST_FILE = YES;
				IPHONEOS_DEPLOYMENT_TARGET = 16.4;
				MACOSX_DEPLOYMENT_TARGET = 13.3;
				MARKETING_VERSION = 1.0;
				PRODUCT_BUNDLE_IDENTIFIER = "omar.Quiz-app-4Tests";
				PRODUCT_NAME = "$(TARGET_NAME)";
				SDKROOT = auto;
				SUPPORTED_PLATFORMS = "iphoneos iphonesimulator macosx";
				SWIFT_EMIT_LOC_STRINGS = NO;
				SWIFT_VERSION = 5.0;
				TARGETED_DEVICE_FAMILY = "1,2";
				TEST_HOST = "$(BUILT_PRODUCTS_DIR)/Quiz app 4.app/$(BUNDLE_EXECUTABLE_FOLDER_PATH)/Quiz app 4";
			};
			name = Debug;
		};
		51EF11D12A6DA3EC00F7CE77 /* Release */ = {
			isa = XCBuildConfiguration;
			buildSettings = {
				ALWAYS_EMBED_SWIFT_STANDARD_LIBRARIES = YES;
				BUNDLE_LOADER = "$(TEST_HOST)";
				CODE_SIGN_STYLE = Automatic;
				CURRENT_PROJECT_VERSION = 1;
				GENERATE_INFOPLIST_FILE = YES;
				IPHONEOS_DEPLOYMENT_TARGET = 16.4;
				MACOSX_DEPLOYMENT_TARGET = 13.3;
				MARKETING_VERSION = 1.0;
				PRODUCT_BUNDLE_IDENTIFIER = "omar.Quiz-app-4Tests";
				PRODUCT_NAME = "$(TARGET_NAME)";
				SDKROOT = auto;
				SUPPORTED_PLATFORMS = "iphoneos iphonesimulator macosx";
				SWIFT_EMIT_LOC_STRINGS = NO;
				SWIFT_VERSION = 5.0;
				TARGETED_DEVICE_FAMILY = "1,2";
				TEST_HOST = "$(BUILT_PRODUCTS_DIR)/Quiz app 4.app/$(BUNDLE_EXECUTABLE_FOLDER_PATH)/Quiz app 4";
			};
			name = Release;
		};
		51EF11D32A6DA3EC00F7CE77 /* Debug */ = {
			isa = XCBuildConfiguration;
			buildSettings = {
				ALWAYS_EMBED_SWIFT_STANDARD_LIBRARIES = YES;
				CODE_SIGN_STYLE = Automatic;
				CURRENT_PROJECT_VERSION = 1;
				GENERATE_INFOPLIST_FILE = YES;
				IPHONEOS_DEPLOYMENT_TARGET = 16.4;
				MACOSX_DEPLOYMENT_TARGET = 13.3;
				MARKETING_VERSION = 1.0;
				PRODUCT_BUNDLE_IDENTIFIER = "omar.Quiz-app-4UITests";
				PRODUCT_NAME = "$(TARGET_NAME)";
				SDKROOT = auto;
				SUPPORTED_PLATFORMS = "iphoneos iphonesimulator macosx";
				SWIFT_EMIT_LOC_STRINGS = NO;
				SWIFT_VERSION = 5.0;
				TARGETED_DEVICE_FAMILY = "1,2";
				TEST_TARGET_NAME = "Quiz app 4";
			};
			name = Debug;
		};
		51EF11D42A6DA3EC00F7CE77 /* Release */ = {
			isa = XCBuildConfiguration;
			buildSettings = {
				ALWAYS_EMBED_SWIFT_STANDARD_LIBRARIES = YES;
				CODE_SIGN_STYLE = Automatic;
				CURRENT_PROJECT_VERSION = 1;
				GENERATE_INFOPLIST_FILE = YES;
				IPHONEOS_DEPLOYMENT_TARGET = 16.4;
				MACOSX_DEPLOYMENT_TARGET = 13.3;
				MARKETING_VERSION = 1.0;
				PRODUCT_BUNDLE_IDENTIFIER = "omar.Quiz-app-4UITests";
				PRODUCT_NAME = "$(TARGET_NAME)";
				SDKROOT = auto;
				SUPPORTED_PLATFORMS = "iphoneos iphonesimulator macosx";
				SWIFT_EMIT_LOC_STRINGS = NO;
				SWIFT_VERSION = 5.0;
				TARGETED_DEVICE_FAMILY = "1,2";
				TEST_TARGET_NAME = "Quiz app 4";
			};
			name = Release;
		};
/* End XCBuildConfiguration section */

/* Begin XCConfigurationList section */
		51EF11A22A6DA3EA00F7CE77 /* Build configuration list for PBXProject "Quiz app 4" */ = {
			isa = XCConfigurationList;
			buildConfigurations = (
				51EF11CA2A6DA3EC00F7CE77 /* Debug */,
				51EF11CB2A6DA3EC00F7CE77 /* Release */,
			);
			defaultConfigurationIsVisible = 0;
			defaultConfigurationName = Release;
		};
		51EF11CC2A6DA3EC00F7CE77 /* Build configuration list for PBXNativeTarget "Quiz app 4" */ = {
			isa = XCConfigurationList;
			buildConfigurations = (
				51EF11CD2A6DA3EC00F7CE77 /* Debug */,
				51EF11CE2A6DA3EC00F7CE77 /* Release */,
			);
			defaultConfigurationIsVisible = 0;
			defaultConfigurationName = Release;
		};
		51EF11CF2A6DA3EC00F7CE77 /* Build configuration list for PBXNativeTarget "Quiz app 4Tests" */ = {
			isa = XCConfigurationList;
			buildConfigurations = (
				51EF11D02A6DA3EC00F7CE77 /* Debug */,
				51EF11D12A6DA3EC00F7CE77 /* Release */,
			);
			defaultConfigurationIsVisible = 0;
			defaultConfigurationName = Release;
		};
		51EF11D22A6DA3EC00F7CE77 /* Build configuration list for PBXNativeTarget "Quiz app 4UITests" */ = {
			isa = XCConfigurationList;
			buildConfigurations = (
				51EF11D32A6DA3EC00F7CE77 /* Debug */,
				51EF11D42A6DA3EC00F7CE77 /* Release */,
			);
			defaultConfigurationIsVisible = 0;
			defaultConfigurationName = Release;
		};
/* End XCConfigurationList section */
	};
	rootObject = 51EF119F2A6DA3EA00F7CE77 /* Project object */;
}
